<Solution>
  <Folder Name="/src/">
    <Project Path="src/AtelieBebe.Api/AtelieBebe.Api.csproj" />
    <Project Path="src/AtelieBebe.Application/AtelieBebe.Application.csproj" />
    <Project Path="src/AtelieBebe.Domain/AtelieBebe.Domain.csproj" />
    <Project Path="src/AtelieBebe.Infrastructure/AtelieBebe.Infrastructure.csproj" />
  </Folder>
  <Folder Name="/test/">
    <Project Path="test/AtelieBebe.Application.Tests/AtelieBebe.Application.Tests.csproj" />
    <Project Path="test/AtelieBebe.Domain.Tests/AtelieBebe.Domain.Tests.csproj" />
  </Folder>
</Solution>
